// !$*UTF8*$!
{
	archiveVersion = 1;
	classes = {
	};
	objectVersion = 50;
	objects = {

/* Begin PBXBuildFile section */
		0EA144AD2425D02A0070BA09 /* String+Extensions.swift in Sources */ = {isa = PBXBuildFile; fileRef = 0EA144AC2425D02A0070BA09 /* String+Extensions.swift */; };
		0EA144B12425DD530070BA09 /* DiskCache.swift in Sources */ = {isa = PBXBuildFile; fileRef = 0EA144B02425DD530070BA09 /* DiskCache.swift */; };
		0EC12101241E0F290038A110 /* AppDelegate.swift in Sources */ = {isa = PBXBuildFile; fileRef = 0EC12100241E0F290038A110 /* AppDelegate.swift */; };
		0EC12105241E0F290038A110 /* ViewController.swift in Sources */ = {isa = PBXBuildFile; fileRef = 0EC12104241E0F290038A110 /* ViewController.swift */; };
		0EC12108241E0F290038A110 /* Main.storyboard in Resources */ = {isa = PBXBuildFile; fileRef = 0EC12106241E0F290038A110 /* Main.storyboard */; };
		0EC1210A241E0F2B0038A110 /* Assets.xcassets in Resources */ = {isa = PBXBuildFile; fileRef = 0EC12109241E0F2B0038A110 /* Assets.xcassets */; };
		0EC1210D241E0F2B0038A110 /* LaunchScreen.storyboard in Resources */ = {isa = PBXBuildFile; fileRef = 0EC1210B241E0F2B0038A110 /* LaunchScreen.storyboard */; };
		0EC12118241E0F2B0038A110 /* SampleCacheTests.swift in Sources */ = {isa = PBXBuildFile; fileRef = 0EC12117241E0F2B0038A110 /* SampleCacheTests.swift */; };
		0EC12124241E29320038A110 /* LRUImageCache.swift in Sources */ = {isa = PBXBuildFile; fileRef = 0EC12123241E29320038A110 /* LRUImageCache.swift */; };
/* End PBXBuildFile section */

/* Begin PBXContainerItemProxy section */
		0EC12114241E0F2B0038A110 /* PBXContainerItemProxy */ = {
			isa = PBXContainerItemProxy;
			containerPortal = 0EC120F5241E0F290038A110 /* Project object */;
			proxyType = 1;
			remoteGlobalIDString = 0EC120FC241E0F290038A110;
			remoteInfo = SampleCache;
		};
/* End PBXContainerItemProxy section */

/* Begin PBXFileReference section */
		0EA144AC2425D02A0070BA09 /* String+Extensions.swift */ = {isa = PBXFileReference; lastKnownFileType = sourcecode.swift; path = "String+Extensions.swift"; sourceTree = "<group>"; };
		0EA144B02425DD530070BA09 /* DiskCache.swift */ = {isa = PBXFileReference; lastKnownFileType = sourcecode.swift; path = DiskCache.swift; sourceTree = "<group>"; };
		0EC120FD241E0F290038A110 /* SampleCache.app */ = {isa = PBXFileReference; explicitFileType = wrapper.application; includeInIndex = 0; path = SampleCache.app; sourceTree = BUILT_PRODUCTS_DIR; };
		0EC12100241E0F290038A110 /* AppDelegate.swift */ = {isa = PBXFileReference; lastKnownFileType = sourcecode.swift; path = AppDelegate.swift; sourceTree = "<group>"; };
		0EC12104241E0F290038A110 /* ViewController.swift */ = {isa = PBXFileReference; lastKnownFileType = sourcecode.swift; path = ViewController.swift; sourceTree = "<group>"; };
		0EC12107241E0F290038A110 /* Base */ = {isa = PBXFileReference; lastKnownFileType = file.storyboard; name = Base; path = Base.lproj/Main.storyboard; sourceTree = "<group>"; };
		0EC12109241E0F2B0038A110 /* Assets.xcassets */ = {isa = PBXFileReference; lastKnownFileType = folder.assetcatalog; path = Assets.xcassets; sourceTree = "<group>"; };
		0EC1210C241E0F2B0038A110 /* Base */ = {isa = PBXFileReference; lastKnownFileType = file.storyboard; name = Base; path = Base.lproj/LaunchScreen.storyboard; sourceTree = "<group>"; };
		0EC1210E241E0F2B0038A110 /* Info.plist */ = {isa = PBXFileReference; lastKnownFileType = text.plist.xml; path = Info.plist; sourceTree = "<group>"; };
		0EC12113241E0F2B0038A110 /* SampleCacheTests.xctest */ = {isa = PBXFileReference; explicitFileType = wrapper.cfbundle; includeInIndex = 0; path = SampleCacheTests.xctest; sourceTree = BUILT_PRODUCTS_DIR; };
		0EC12117241E0F2B0038A110 /* SampleCacheTests.swift */ = {isa = PBXFileReference; lastKnownFileType = sourcecode.swift; path = SampleCacheTests.swift; sourceTree = "<group>"; };
		0EC12119241E0F2B0038A110 /* Info.plist */ = {isa = PBXFileReference; lastKnownFileType = text.plist.xml; path = Info.plist; sourceTree = "<group>"; };
		0EC12123241E29320038A110 /* LRUImageCache.swift */ = {isa = PBXFileReference; lastKnownFileType = sourcecode.swift; path = LRUImageCache.swift; sourceTree = "<group>"; };
/* End PBXFileReference section */

/* Begin PBXFrameworksBuildPhase section */
		0EC120FA241E0F290038A110 /* Frameworks */ = {
			isa = PBXFrameworksBuildPhase;
			buildActionMask = 2147483647;
			files = (
			);
			runOnlyForDeploymentPostprocessing = 0;
		};
		0EC12110241E0F2B0038A110 /* Frameworks */ = {
			isa = PBXFrameworksBuildPhase;
			buildActionMask = 2147483647;
			files = (
			);
			runOnlyForDeploymentPostprocessing = 0;
		};
/* End PBXFrameworksBuildPhase section */

/* Begin PBXGroup section */
		0EA144AB2425D0160070BA09 /* Libs */ = {
			isa = PBXGroup;
			children = (
				0EA144AC2425D02A0070BA09 /* String+Extensions.swift */,
			);
			path = Libs;
			sourceTree = "<group>";
		};
		0EC120F4241E0F290038A110 = {
			isa = PBXGroup;
			children = (
				0EC120FF241E0F290038A110 /* SampleCache */,
				0EC12116241E0F2B0038A110 /* SampleCacheTests */,
				0EC120FE241E0F290038A110 /* Products */,
			);
			sourceTree = "<group>";
		};
		0EC120FE241E0F290038A110 /* Products */ = {
			isa = PBXGroup;
			children = (
				0EC120FD241E0F290038A110 /* SampleCache.app */,
				0EC12113241E0F2B0038A110 /* SampleCacheTests.xctest */,
			);
			name = Products;
			sourceTree = "<group>";
		};
		0EC120FF241E0F290038A110 /* SampleCache */ = {
			isa = PBXGroup;
			children = (
				0EC12100241E0F290038A110 /* AppDelegate.swift */,
				0EC12104241E0F290038A110 /* ViewController.swift */,
				0EC12106241E0F290038A110 /* Main.storyboard */,
				0EC12109241E0F2B0038A110 /* Assets.xcassets */,
				0EC1210B241E0F2B0038A110 /* LaunchScreen.storyboard */,
				0EC1210E241E0F2B0038A110 /* Info.plist */,
				0EA144AB2425D0160070BA09 /* Libs */,
				0EC12122241E26240038A110 /* Cache */,
			);
			path = SampleCache;
			sourceTree = "<group>";
		};
		0EC12116241E0F2B0038A110 /* SampleCacheTests */ = {
			isa = PBXGroup;
			children = (
				0EC12117241E0F2B0038A110 /* SampleCacheTests.swift */,
				0EC12119241E0F2B0038A110 /* Info.plist */,
			);
			path = SampleCacheTests;
			sourceTree = "<group>";
		};
		0EC12122241E26240038A110 /* Cache */ = {
			isa = PBXGroup;
			children = (
				0EC12123241E29320038A110 /* LRUImageCache.swift */,
				0EA144B02425DD530070BA09 /* DiskCache.swift */,
			);
			path = Cache;
			sourceTree = "<group>";
		};
/* End PBXGroup section */

/* Begin PBXNativeTarget section */
		0EC120FC241E0F290038A110 /* SampleCache */ = {
			isa = PBXNativeTarget;
			buildConfigurationList = 0EC1211C241E0F2B0038A110 /* Build configuration list for PBXNativeTarget "SampleCache" */;
			buildPhases = (
				0EC120F9241E0F290038A110 /* Sources */,
				0EC120FA241E0F290038A110 /* Frameworks */,
				0EC120FB241E0F290038A110 /* Resources */,
			);
			buildRules = (
			);
			dependencies = (
			);
			name = SampleCache;
			productName = SampleCache;
			productReference = 0EC120FD241E0F290038A110 /* SampleCache.app */;
			productType = "com.apple.product-type.application";
		};
		0EC12112241E0F2B0038A110 /* SampleCacheTests */ = {
			isa = PBXNativeTarget;
			buildConfigurationList = 0EC1211F241E0F2B0038A110 /* Build configuration list for PBXNativeTarget "SampleCacheTests" */;
			buildPhases = (
				0EC1210F241E0F2B0038A110 /* Sources */,
				0EC12110241E0F2B0038A110 /* Frameworks */,
				0EC12111241E0F2B0038A110 /* Resources */,
			);
			buildRules = (
			);
			dependencies = (
				0EC12115241E0F2B0038A110 /* PBXTargetDependency */,
			);
			name = SampleCacheTests;
			productName = SampleCacheTests;
			productReference = 0EC12113241E0F2B0038A110 /* SampleCacheTests.xctest */;
			productType = "com.apple.product-type.bundle.unit-test";
		};
/* End PBXNativeTarget section */

/* Begin PBXProject section */
		0EC120F5241E0F290038A110 /* Project object */ = {
			isa = PBXProject;
			attributes = {
				LastSwiftUpdateCheck = 1130;
				LastUpgradeCheck = 1130;
				ORGANIZATIONNAME = "Kosuke Matsuda";
				TargetAttributes = {
					0EC120FC241E0F290038A110 = {
						CreatedOnToolsVersion = 11.3.1;
					};
					0EC12112241E0F2B0038A110 = {
						CreatedOnToolsVersion = 11.3.1;
						TestTargetID = 0EC120FC241E0F290038A110;
					};
				};
			};
			buildConfigurationList = 0EC120F8241E0F290038A110 /* Build configuration list for PBXProject "SampleCache" */;
			compatibilityVersion = "Xcode 9.3";
			developmentRegion = en;
			hasScannedForEncodings = 0;
			knownRegions = (
				en,
				Base,
			);
			mainGroup = 0EC120F4241E0F290038A110;
			productRefGroup = 0EC120FE241E0F290038A110 /* Products */;
			projectDirPath = "";
			projectRoot = "";
			targets = (
				0EC120FC241E0F290038A110 /* SampleCache */,
				0EC12112241E0F2B0038A110 /* SampleCacheTests */,
			);
		};
/* End PBXProject section */

/* Begin PBXResourcesBuildPhase section */
		0EC120FB241E0F290038A110 /* Resources */ = {
			isa = PBXResourcesBuildPhase;
			buildActionMask = 2147483647;
			files = (
				0EC1210D241E0F2B0038A110 /* LaunchScreen.storyboard in Resources */,
				0EC1210A241E0F2B0038A110 /* Assets.xcassets in Resources */,
				0EC12108241E0F290038A110 /* Main.storyboard in Resources */,
			);
			runOnlyForDeploymentPostprocessing = 0;
		};
		0EC12111241E0F2B0038A110 /* Resources */ = {
			isa = PBXResourcesBuildPhase;
			buildActionMask = 2147483647;
			files = (
			);
			runOnlyForDeploymentPostprocessing = 0;
		};
/* End PBXResourcesBuildPhase section */

/* Begin PBXSourcesBuildPhase section */
		0EC120F9241E0F290038A110 /* Sources */ = {
			isa = PBXSourcesBuildPhase;
			buildActionMask = 2147483647;
			files = (
				0EA144AD2425D02A0070BA09 /* String+Extensions.swift in Sources */,
				0EC12124241E29320038A110 /* LRUImageCache.swift in Sources */,
				0EC12105241E0F290038A110 /* ViewController.swift in Sources */,
				0EC12101241E0F290038A110 /* AppDelegate.swift in Sources */,
				0EA144B12425DD530070BA09 /* DiskCache.swift in Sources */,
			);
			runOnlyForDeploymentPostprocessing = 0;
		};
		0EC1210F241E0F2B0038A110 /* Sources */ = {
			isa = PBXSourcesBuildPhase;
			buildActionMask = 2147483647;
			files = (
				0EC12118241E0F2B0038A110 /* SampleCacheTests.swift in Sources */,
			);
			runOnlyForDeploymentPostprocessing = 0;
		};
/* End PBXSourcesBuildPhase section */

/* Begin PBXTargetDependency section */
		0EC12115241E0F2B0038A110 /* PBXTargetDependency */ = {
			isa = PBXTargetDependency;
			target = 0EC120FC241E0F290038A110 /* SampleCache */;
			targetProxy = 0EC12114241E0F2B0038A110 /* PBXContainerItemProxy */;
		};
/* End PBXTargetDependency section */

/* Begin PBXVariantGroup section */
		0EC12106241E0F290038A110 /* Main.storyboard */ = {
			isa = PBXVariantGroup;
			children = (
				0EC12107241E0F290038A110 /* Base */,
			);
			name = Main.storyboard;
			sourceTree = "<group>";
		};
		0EC1210B241E0F2B0038A110 /* LaunchScreen.storyboard */ = {
			isa = PBXVariantGroup;
			children = (
				0EC1210C241E0F2B0038A110 /* Base */,
			);
			name = LaunchScreen.storyboard;
			sourceTree = "<group>";
		};
/* End PBXVariantGroup section */

/* Begin XCBuildConfiguration section */
		0EC1211A241E0F2B0038A110 /* Debug */ = {
			isa = XCBuildConfiguration;
			buildSettings = {
				ALWAYS_SEARCH_USER_PATHS = NO;
				CLANG_ANALYZER_NONNULL = YES;
				CLANG_ANALYZER_NUMBER_OBJECT_CONVERSION = YES_AGGRESSIVE;
				CLANG_CXX_LANGUAGE_STANDARD = "gnu++14";
				CLANG_CXX_LIBRARY = "libc++";
				CLANG_ENABLE_MODULES = YES;
				CLANG_ENABLE_OBJC_ARC = YES;
				CLANG_ENABLE_OBJC_WEAK = YES;
				CLANG_WARN_BLOCK_CAPTURE_AUTORELEASING = YES;
				CLANG_WARN_BOOL_CONVERSION = YES;
				CLANG_WARN_COMMA = YES;
				CLANG_WARN_CONSTANT_CONVERSION = YES;
				CLANG_WARN_DEPRECATED_OBJC_IMPLEMENTATIONS = YES;
				CLANG_WARN_DIRECT_OBJC_ISA_USAGE = YES_ERROR;
				CLANG_WARN_DOCUMENTATION_COMMENTS = YES;
				CLANG_WARN_EMPTY_BODY = YES;
				CLANG_WARN_ENUM_CONVERSION = YES;
				CLANG_WARN_INFINITE_RECURSION = YES;
				CLANG_WARN_INT_CONVERSION = YES;
				CLANG_WARN_NON_LITERAL_NULL_CONVERSION = YES;
				CLANG_WARN_OBJC_IMPLICIT_RETAIN_SELF = YES;
				CLANG_WARN_OBJC_LITERAL_CONVERSION = YES;
				CLANG_WARN_OBJC_ROOT_CLASS = YES_ERROR;
				CLANG_WARN_RANGE_LOOP_ANALYSIS = YES;
				CLANG_WARN_STRICT_PROTOTYPES = YES;
				CLANG_WARN_SUSPICIOUS_MOVE = YES;
				CLANG_WARN_UNGUARDED_AVAILABILITY = YES_AGGRESSIVE;
				CLANG_WARN_UNREACHABLE_CODE = YES;
				CLANG_WARN__DUPLICATE_METHOD_MATCH = YES;
				COPY_PHASE_STRIP = NO;
				DEBUG_INFORMATION_FORMAT = dwarf;
				ENABLE_STRICT_OBJC_MSGSEND = YES;
				ENABLE_TESTABILITY = YES;
				GCC_C_LANGUAGE_STANDARD = gnu11;
				GCC_DYNAMIC_NO_PIC = NO;
				GCC_NO_COMMON_BLOCKS = YES;
				GCC_OPTIMIZATION_LEVEL = 0;
				GCC_PREPROCESSOR_DEFINITIONS = (
					"DEBUG=1",
					"$(inherited)",
				);
				GCC_WARN_64_TO_32_BIT_CONVERSION = YES;
				GCC_WARN_ABOUT_RETURN_TYPE = YES_ERROR;
				GCC_WARN_UNDECLARED_SELECTOR = YES;
				GCC_WARN_UNINITIALIZED_AUTOS = YES_AGGRESSIVE;
				GCC_WARN_UNUSED_FUNCTION = YES;
				GCC_WARN_UNUSED_VARIABLE = YES;
				IPHONEOS_DEPLOYMENT_TARGET = 13.2;
				MTL_ENABLE_DEBUG_INFO = INCLUDE_SOURCE;
				MTL_FAST_MATH = YES;
				ONLY_ACTIVE_ARCH = YES;
				SDKROOT = iphoneos;
				SWIFT_ACTIVE_COMPILATION_CONDITIONS = DEBUG;
				SWIFT_OPTIMIZATION_LEVEL = "-Onone";
			};
			name = Debug;
		};
		0EC1211B241E0F2B0038A110 /* Release */ = {
			isa = XCBuildConfiguration;
			buildSettings = {
				ALWAYS_SEARCH_USER_PATHS = NO;
				CLANG_ANALYZER_NONNULL = YES;
				CLANG_ANALYZER_NUMBER_OBJECT_CONVERSION = YES_AGGRESSIVE;
				CLANG_CXX_LANGUAGE_STANDARD = "gnu++14";
				CLANG_CXX_LIBRARY = "libc++";
				CLANG_ENABLE_MODULES = YES;
				CLANG_ENABLE_OBJC_ARC = YES;
				CLANG_ENABLE_OBJC_WEAK = YES;
				CLANG_WARN_BLOCK_CAPTURE_AUTORELEASING = YES;
				CLANG_WARN_BOOL_CONVERSION = YES;
				CLANG_WARN_COMMA = YES;
				CLANG_WARN_CONSTANT_CONVERSION = YES;
				CLANG_WARN_DEPRECATED_OBJC_IMPLEMENTATIONS = YES;
				CLANG_WARN_DIRECT_OBJC_ISA_USAGE = YES_ERROR;
				CLANG_WARN_DOCUMENTATION_COMMENTS = YES;
				CLANG_WARN_EMPTY_BODY = YES;
				CLANG_WARN_ENUM_CONVERSION = YES;
				CLANG_WARN_INFINITE_RECURSION = YES;
				CLANG_WARN_INT_CONVERSION = YES;
				CLANG_WARN_NON_LITERAL_NULL_CONVERSION = YES;
				CLANG_WARN_OBJC_IMPLICIT_RETAIN_SELF = YES;
				CLANG_WARN_OBJC_LITERAL_CONVERSION = YES;
				CLANG_WARN_OBJC_ROOT_CLASS = YES_ERROR;
				CLANG_WARN_RANGE_LOOP_ANALYSIS = YES;
				CLANG_WARN_STRICT_PROTOTYPES = YES;
				CLANG_WARN_SUSPICIOUS_MOVE = YES;
				CLANG_WARN_UNGUARDED_AVAILABILITY = YES_AGGRESSIVE;
				CLANG_WARN_UNREACHABLE_CODE = YES;
				CLANG_WARN__DUPLICATE_METHOD_MATCH = YES;
				COPY_PHASE_STRIP = NO;
				DEBUG_INFORMATION_FORMAT = "dwarf-with-dsym";
				ENABLE_NS_ASSERTIONS = NO;
				ENABLE_STRICT_OBJC_MSGSEND = YES;
				GCC_C_LANGUAGE_STANDARD = gnu11;
				GCC_NO_COMMON_BLOCKS = YES;
				GCC_WARN_64_TO_32_BIT_CONVERSION = YES;
				GCC_WARN_ABOUT_RETURN_TYPE = YES_ERROR;
				GCC_WARN_UNDECLARED_SELECTOR = YES;
				GCC_WARN_UNINITIALIZED_AUTOS = YES_AGGRESSIVE;
				GCC_WARN_UNUSED_FUNCTION = YES;
				GCC_WARN_UNUSED_VARIABLE = YES;
				IPHONEOS_DEPLOYMENT_TARGET = 13.2;
				MTL_ENABLE_DEBUG_INFO = NO;
				MTL_FAST_MATH = YES;
				SDKROOT = iphoneos;
				SWIFT_COMPILATION_MODE = wholemodule;
				SWIFT_OPTIMIZATION_LEVEL = "-O";
				VALIDATE_PRODUCT = YES;
			};
			name = Release;
		};
		0EC1211D241E0F2B0038A110 /* Debug */ = {
			isa = XCBuildConfiguration;
			buildSettings = {
				ASSETCATALOG_COMPILER_APPICON_NAME = AppIcon;
				CODE_SIGN_STYLE = Automatic;
				INFOPLIST_FILE = SampleCache/Info.plist;
				IPHONEOS_DEPLOYMENT_TARGET = 12.0;
				LD_RUNPATH_SEARCH_PATHS = (
					"$(inherited)",
					"@executable_path/Frameworks",
				);
				PRODUCT_BUNDLE_IDENTIFIER = com.github.matsuda.SampleCache;
				PRODUCT_NAME = "$(TARGET_NAME)";
				SWIFT_VERSION = 5.0;
				TARGETED_DEVICE_FAMILY = "1,2";
			};
			name = Debug;
		};
		0EC1211E241E0F2B0038A110 /* Release */ = {
			isa = XCBuildConfiguration;
			buildSettings = {
				ASSETCATALOG_COMPILER_APPICON_NAME = AppIcon;
				CODE_SIGN_STYLE = Automatic;
				INFOPLIST_FILE = SampleCache/Info.plist;
				IPHONEOS_DEPLOYMENT_TARGET = 12.0;
				LD_RUNPATH_SEARCH_PATHS = (
					"$(inherited)",
					"@executable_path/Frameworks",
				);
				PRODUCT_BUNDLE_IDENTIFIER = com.github.matsuda.SampleCache;
				PRODUCT_NAME = "$(TARGET_NAME)";
				SWIFT_VERSION = 5.0;
				TARGETED_DEVICE_FAMILY = "1,2";
			};
			name = Release;
		};
		0EC12120241E0F2B0038A110 /* Debug */ = {
			isa = XCBuildConfiguration;
			buildSettings = {
				ALWAYS_EMBED_SWIFT_STANDARD_LIBRARIES = YES;
				BUNDLE_LOADER = "$(TEST_HOST)";
				CODE_SIGN_STYLE = Automatic;
				INFOPLIST_FILE = SampleCacheTests/Info.plist;
				IPHONEOS_DEPLOYMENT_TARGET = 13.2;
				LD_RUNPATH_SEARCH_PATHS = (
					"$(inherited)",
					"@executable_path/Frameworks",
					"@loader_path/Frameworks",
				);
				PRODUCT_BUNDLE_IDENTIFIER = com.github.matsuda.SampleCacheTests;
				PRODUCT_NAME = "$(TARGET_NAME)";
				SWIFT_VERSION = 5.0;
				TARGETED_DEVICE_FAMILY = "1,2";
				TEST_HOST = "$(BUILT_PRODUCTS_DIR)/SampleCache.app/SampleCache";
			};
			name = Debug;
		};
		0EC12121241E0F2B0038A110 /* Release */ = {
			isa = XCBuildConfiguration;
			buildSettings = {
				ALWAYS_EMBED_SWIFT_STANDARD_LIBRARIES = YES;
				BUNDLE_LOADER = "$(TEST_HOST)";
				CODE_SIGN_STYLE = Automatic;
				INFOPLIST_FILE = SampleCacheTests/Info.plist;
				IPHONEOS_DEPLOYMENT_TARGET = 13.2;
				LD_RUNPATH_SEARCH_PATHS = (
					"$(inherited)",
					"@executable_path/Frameworks",
					"@loader_path/Frameworks",
				);
				PRODUCT_BUNDLE_IDENTIFIER = com.github.matsuda.SampleCacheTests;
				PRODUCT_NAME = "$(TARGET_NAME)";
				SWIFT_VERSION = 5.0;
				TARGETED_DEVICE_FAMILY = "1,2";
				TEST_HOST = "$(BUILT_PRODUCTS_DIR)/SampleCache.app/SampleCache";
			};
			name = Release;
		};
/* End XCBuildConfiguration section */

/* Begin XCConfigurationList section */
		0EC120F8241E0F290038A110 /* Build configuration list for PBXProject "SampleCache" */ = {
			isa = XCConfigurationList;
			buildConfigurations = (
				0EC1211A241E0F2B0038A110 /* Debug */,
				0EC1211B241E0F2B0038A110 /* Release */,
			);
			defaultConfigurationIsVisible = 0;
			defaultConfigurationName = Release;
		};
		0EC1211C241E0F2B0038A110 /* Build configuration list for PBXNativeTarget "SampleCache" */ = {
			isa = XCConfigurationList;
			buildConfigurations = (
				0EC1211D241E0F2B0038A110 /* Debug */,
				0EC1211E241E0F2B0038A110 /* Release */,
			);
			defaultConfigurationIsVisible = 0;
			defaultConfigurationName = Release;
		};
		0EC1211F241E0F2B0038A110 /* Build configuration list for PBXNativeTarget "SampleCacheTests" */ = {
			isa = XCConfigurationList;
			buildConfigurations = (
				0EC12120241E0F2B0038A110 /* Debug */,
				0EC12121241E0F2B0038A110 /* Release */,
			);
			defaultConfigurationIsVisible = 0;
			defaultConfigurationName = Release;
		};
/* End XCConfigurationList section */
	};
	rootObject = 0EC120F5241E0F290038A110 /* Project object */;
}
